
Microsoft Visual Studio Solution File, Format Version 12.00
Project("{FAE04EC0-301F-11D3-BF4B-00C04F79EFBC}") = "SGBDprep", "SGBDprep\SGBDprep.csproj", "{06FFB861-DB46-4291-AA27-488D346C48C7}"
EndProject
Global
	GlobalSection(SolutionConfigurationPlatforms) = preSolution
		Debug|Any CPU = Debug|Any CPU
		Release|Any CPU = Release|Any CPU
	EndGlobalSection
	GlobalSection(ProjectConfigurationPlatforms) = postSolution
		{06FFB861-DB46-4291-AA27-488D346C48C7}.Debug|Any CPU.ActiveCfg = Debug|Any CPU
		{06FFB861-DB46-4291-AA27-488D346C48C7}.Debug|Any CPU.Build.0 = Debug|Any CPU
		{06FFB861-DB46-4291-AA27-488D346C48C7}.Release|Any CPU.ActiveCfg = Release|Any CPU
		{06FFB861-DB46-4291-AA27-488D346C48C7}.Release|Any CPU.Build.0 = Release|Any CPU
	EndGlobalSection
EndGlobal
